// !$*UTF8*$!
{
	archiveVersion = 1;
	classes = {
	};
	objectVersion = 56;
	objects = {

/* Begin PBXBuildFile section */
		980AABC92B4B180F005526C5 /* CustomError.swift in Sources */ = {isa = PBXBuildFile; fileRef = 980AABC82B4B180F005526C5 /* CustomError.swift */; };
		980AABCE2B5001E7005526C5 /* Realm in Frameworks */ = {isa = PBXBuildFile; productRef = 980AABCD2B5001E7005526C5 /* Realm */; };
		980AABD02B5001E7005526C5 /* RealmSwift in Frameworks */ = {isa = PBXBuildFile; productRef = 980AABCF2B5001E7005526C5 /* RealmSwift */; };
		980AABD22B500220005526C5 /* RealmDatabaseManager.swift in Sources */ = {isa = PBXBuildFile; fileRef = 980AABD12B500220005526C5 /* RealmDatabaseManager.swift */; };
		980AABD42B5005C5005526C5 /* InventoryModelRealm.swift in Sources */ = {isa = PBXBuildFile; fileRef = 980AABD32B5005C5005526C5 /* InventoryModelRealm.swift */; };
		980AABD62B55A8B6005526C5 /* RealmMapper.swift in Sources */ = {isa = PBXBuildFile; fileRef = 980AABD52B55A8B6005526C5 /* RealmMapper.swift */; };
		980AABD82B593A0E005526C5 /* DatabaseManagerProtocol.swift in Sources */ = {isa = PBXBuildFile; fileRef = 980AABD72B593A0E005526C5 /* DatabaseManagerProtocol.swift */; };
		982798092B21EB4C0049D69F /* AppDelegate.swift in Sources */ = {isa = PBXBuildFile; fileRef = 982798082B21EB4C0049D69F /* AppDelegate.swift */; };
		9827980B2B21EB4C0049D69F /* SceneDelegate.swift in Sources */ = {isa = PBXBuildFile; fileRef = 9827980A2B21EB4C0049D69F /* SceneDelegate.swift */; };
		982798122B21EB4E0049D69F /* Assets.xcassets in Resources */ = {isa = PBXBuildFile; fileRef = 982798112B21EB4E0049D69F /* Assets.xcassets */; };
		982798152B21EB4E0049D69F /* LaunchScreen.storyboard in Resources */ = {isa = PBXBuildFile; fileRef = 982798132B21EB4E0049D69F /* LaunchScreen.storyboard */; };
		9827981D2B21EBBE0049D69F /* InventoryModel.swift in Sources */ = {isa = PBXBuildFile; fileRef = 9827981C2B21EBBE0049D69F /* InventoryModel.swift */; };
		982798222B21EDC90049D69F /* InventoryListViewController.swift in Sources */ = {isa = PBXBuildFile; fileRef = 982798212B21EDC90049D69F /* InventoryListViewController.swift */; };
		982798252B238C170049D69F /* CreateNewInventoryViewController.swift in Sources */ = {isa = PBXBuildFile; fileRef = 982798242B238C170049D69F /* CreateNewInventoryViewController.swift */; };
		982798272B238CBB0049D69F /* InventoryDetailViewController.swift in Sources */ = {isa = PBXBuildFile; fileRef = 982798262B238CBB0049D69F /* InventoryDetailViewController.swift */; };
		9827982A2B24F4020049D69F /* SwiftDataDatabaseManager.swift in Sources */ = {isa = PBXBuildFile; fileRef = 982798292B24F4020049D69F /* SwiftDataDatabaseManager.swift */; };
		9827982E2B279BFF0049D69F /* InventoryModelSwiftData.swift in Sources */ = {isa = PBXBuildFile; fileRef = 9827982D2B279BFF0049D69F /* InventoryModelSwiftData.swift */; };
		982798312B279D120049D69F /* InventoryViewModel.swift in Sources */ = {isa = PBXBuildFile; fileRef = 982798302B279D120049D69F /* InventoryViewModel.swift */; };
		98486D9F2BA1A5D100B5DFBF /* TrashViewController.swift in Sources */ = {isa = PBXBuildFile; fileRef = 98486D9E2BA1A5D100B5DFBF /* TrashViewController.swift */; };
		986BB0FC2B2A0D0D007DAB02 /* SwiftDataMapper.swift in Sources */ = {isa = PBXBuildFile; fileRef = 986BB0FB2B2A0D0D007DAB02 /* SwiftDataMapper.swift */; };
		9875BA0F2BA87E3300611D88 /* UITableViewCell.swift in Sources */ = {isa = PBXBuildFile; fileRef = 9875BA0E2BA87E3300611D88 /* UITableViewCell.swift */; };
		987DFB7C2BA6048900F9DD9C /* UICollectionViewCell.swift in Sources */ = {isa = PBXBuildFile; fileRef = 987DFB7B2BA6048900F9DD9C /* UICollectionViewCell.swift */; };
		987DFB7E2BA6058200F9DD9C /* SectionHeader.swift in Sources */ = {isa = PBXBuildFile; fileRef = 987DFB7D2BA6058200F9DD9C /* SectionHeader.swift */; };
/* End PBXBuildFile section */

/* Begin PBXFileReference section */
		980AABC82B4B180F005526C5 /* CustomError.swift */ = {isa = PBXFileReference; lastKnownFileType = sourcecode.swift; path = CustomError.swift; sourceTree = "<group>"; };
		980AABD12B500220005526C5 /* RealmDatabaseManager.swift */ = {isa = PBXFileReference; lastKnownFileType = sourcecode.swift; path = RealmDatabaseManager.swift; sourceTree = "<group>"; };
		980AABD32B5005C5005526C5 /* InventoryModelRealm.swift */ = {isa = PBXFileReference; lastKnownFileType = sourcecode.swift; path = InventoryModelRealm.swift; sourceTree = "<group>"; };
		980AABD52B55A8B6005526C5 /* RealmMapper.swift */ = {isa = PBXFileReference; lastKnownFileType = sourcecode.swift; path = RealmMapper.swift; sourceTree = "<group>"; };
		980AABD72B593A0E005526C5 /* DatabaseManagerProtocol.swift */ = {isa = PBXFileReference; lastKnownFileType = sourcecode.swift; path = DatabaseManagerProtocol.swift; sourceTree = "<group>"; };
		982798052B21EB4C0049D69F /* MyInventory.app */ = {isa = PBXFileReference; explicitFileType = wrapper.application; includeInIndex = 0; path = MyInventory.app; sourceTree = BUILT_PRODUCTS_DIR; };
		982798082B21EB4C0049D69F /* AppDelegate.swift */ = {isa = PBXFileReference; lastKnownFileType = sourcecode.swift; path = AppDelegate.swift; sourceTree = "<group>"; };
		9827980A2B21EB4C0049D69F /* SceneDelegate.swift */ = {isa = PBXFileReference; lastKnownFileType = sourcecode.swift; path = SceneDelegate.swift; sourceTree = "<group>"; };
		982798112B21EB4E0049D69F /* Assets.xcassets */ = {isa = PBXFileReference; lastKnownFileType = folder.assetcatalog; path = Assets.xcassets; sourceTree = "<group>"; };
		982798142B21EB4E0049D69F /* Base */ = {isa = PBXFileReference; lastKnownFileType = file.storyboard; name = Base; path = Base.lproj/LaunchScreen.storyboard; sourceTree = "<group>"; };
		982798162B21EB4E0049D69F /* Info.plist */ = {isa = PBXFileReference; lastKnownFileType = text.plist.xml; path = Info.plist; sourceTree = "<group>"; };
		9827981C2B21EBBE0049D69F /* InventoryModel.swift */ = {isa = PBXFileReference; lastKnownFileType = sourcecode.swift; path = InventoryModel.swift; sourceTree = "<group>"; };
		982798212B21EDC90049D69F /* InventoryListViewController.swift */ = {isa = PBXFileReference; lastKnownFileType = sourcecode.swift; path = InventoryListViewController.swift; sourceTree = "<group>"; };
		982798242B238C170049D69F /* CreateNewInventoryViewController.swift */ = {isa = PBXFileReference; lastKnownFileType = sourcecode.swift; path = CreateNewInventoryViewController.swift; sourceTree = "<group>"; };
		982798262B238CBB0049D69F /* InventoryDetailViewController.swift */ = {isa = PBXFileReference; lastKnownFileType = sourcecode.swift; path = InventoryDetailViewController.swift; sourceTree = "<group>"; };
		982798292B24F4020049D69F /* SwiftDataDatabaseManager.swift */ = {isa = PBXFileReference; lastKnownFileType = sourcecode.swift; path = SwiftDataDatabaseManager.swift; sourceTree = "<group>"; };
		9827982D2B279BFF0049D69F /* InventoryModelSwiftData.swift */ = {isa = PBXFileReference; lastKnownFileType = sourcecode.swift; path = InventoryModelSwiftData.swift; sourceTree = "<group>"; };
		982798302B279D120049D69F /* InventoryViewModel.swift */ = {isa = PBXFileReference; lastKnownFileType = sourcecode.swift; path = InventoryViewModel.swift; sourceTree = "<group>"; };
		98486D9E2BA1A5D100B5DFBF /* TrashViewController.swift */ = {isa = PBXFileReference; lastKnownFileType = sourcecode.swift; path = TrashViewController.swift; sourceTree = "<group>"; };
		986BB0FB2B2A0D0D007DAB02 /* SwiftDataMapper.swift */ = {isa = PBXFileReference; lastKnownFileType = sourcecode.swift; path = SwiftDataMapper.swift; sourceTree = "<group>"; };
		9875BA0E2BA87E3300611D88 /* UITableViewCell.swift */ = {isa = PBXFileReference; lastKnownFileType = sourcecode.swift; path = UITableViewCell.swift; sourceTree = "<group>"; };
		987DFB7B2BA6048900F9DD9C /* UICollectionViewCell.swift */ = {isa = PBXFileReference; lastKnownFileType = sourcecode.swift; path = UICollectionViewCell.swift; sourceTree = "<group>"; };
		987DFB7D2BA6058200F9DD9C /* SectionHeader.swift */ = {isa = PBXFileReference; lastKnownFileType = sourcecode.swift; path = SectionHeader.swift; sourceTree = "<group>"; };
/* End PBXFileReference section */

/* Begin PBXFrameworksBuildPhase section */
		982798022B21EB4C0049D69F /* Frameworks */ = {
			isa = PBXFrameworksBuildPhase;
			buildActionMask = 2147483647;
			files = (
				980AABD02B5001E7005526C5 /* RealmSwift in Frameworks */,
				980AABCE2B5001E7005526C5 /* Realm in Frameworks */,
			);
			runOnlyForDeploymentPostprocessing = 0;
		};
/* End PBXFrameworksBuildPhase section */

/* Begin PBXGroup section */
		982797FC2B21EB4C0049D69F = {
			isa = PBXGroup;
			children = (
				982798072B21EB4C0049D69F /* MyInventory */,
				982798062B21EB4C0049D69F /* Products */,
			);
			sourceTree = "<group>";
		};
		982798062B21EB4C0049D69F /* Products */ = {
			isa = PBXGroup;
			children = (
				982798052B21EB4C0049D69F /* MyInventory.app */,
			);
			name = Products;
			sourceTree = "<group>";
		};
		982798072B21EB4C0049D69F /* MyInventory */ = {
			isa = PBXGroup;
			children = (
				982798282B24F2FF0049D69F /* Data */,
				9827981E2B21EBF10049D69F /* Domain */,
				98FEA4EF2B5FB22B008293EA /* Presentation */,
				982798082B21EB4C0049D69F /* AppDelegate.swift */,
				9827980A2B21EB4C0049D69F /* SceneDelegate.swift */,
				982798112B21EB4E0049D69F /* Assets.xcassets */,
				982798132B21EB4E0049D69F /* LaunchScreen.storyboard */,
				982798162B21EB4E0049D69F /* Info.plist */,
			);
			path = MyInventory;
			sourceTree = "<group>";
		};
		9827981E2B21EBF10049D69F /* Domain */ = {
			isa = PBXGroup;
			children = (
				9827982F2B279CF90049D69F /* ViewModel */,
				9827982B2B2799380049D69F /* Model */,
			);
			path = Domain;
			sourceTree = "<group>";
		};
		982798232B233B4D0049D69F /* ViewControllers */ = {
			isa = PBXGroup;
			children = (
				982798212B21EDC90049D69F /* InventoryListViewController.swift */,
				982798242B238C170049D69F /* CreateNewInventoryViewController.swift */,
				982798262B238CBB0049D69F /* InventoryDetailViewController.swift */,
				98486D9E2BA1A5D100B5DFBF /* TrashViewController.swift */,
			);
			path = ViewControllers;
			sourceTree = "<group>";
		};
		982798282B24F2FF0049D69F /* Data */ = {
			isa = PBXGroup;
			children = (
				980AABD72B593A0E005526C5 /* DatabaseManagerProtocol.swift */,
				980AABD12B500220005526C5 /* RealmDatabaseManager.swift */,
				980AABD52B55A8B6005526C5 /* RealmMapper.swift */,
				982798292B24F4020049D69F /* SwiftDataDatabaseManager.swift */,
				986BB0FB2B2A0D0D007DAB02 /* SwiftDataMapper.swift */,
				9827982C2B279BC90049D69F /* Model */,
			);
			path = Data;
			sourceTree = "<group>";
		};
		9827982B2B2799380049D69F /* Model */ = {
			isa = PBXGroup;
			children = (
				9827981C2B21EBBE0049D69F /* InventoryModel.swift */,
				980AABC82B4B180F005526C5 /* CustomError.swift */,
			);
			path = Model;
			sourceTree = "<group>";
		};
		9827982C2B279BC90049D69F /* Model */ = {
			isa = PBXGroup;
			children = (
				980AABD32B5005C5005526C5 /* InventoryModelRealm.swift */,
				9827982D2B279BFF0049D69F /* InventoryModelSwiftData.swift */,
			);
			path = Model;
			sourceTree = "<group>";
		};
		9827982F2B279CF90049D69F /* ViewModel */ = {
			isa = PBXGroup;
			children = (
				982798302B279D120049D69F /* InventoryViewModel.swift */,
			);
			path = ViewModel;
			sourceTree = "<group>";
		};
		98FEA4EF2B5FB22B008293EA /* Presentation */ = {
			isa = PBXGroup;
			children = (
				98FEA4F02B5FB253008293EA /* Views */,
				982798232B233B4D0049D69F /* ViewControllers */,
			);
			path = Presentation;
			sourceTree = "<group>";
		};
		98FEA4F02B5FB253008293EA /* Views */ = {
			isa = PBXGroup;
			children = (
				987DFB7B2BA6048900F9DD9C /* UICollectionViewCell.swift */,
				9875BA0E2BA87E3300611D88 /* UITableViewCell.swift */,
				987DFB7D2BA6058200F9DD9C /* SectionHeader.swift */,
			);
			path = Views;
			sourceTree = "<group>";
		};
/* End PBXGroup section */

/* Begin PBXNativeTarget section */
		982798042B21EB4C0049D69F /* MyInventory */ = {
			isa = PBXNativeTarget;
			buildConfigurationList = 982798192B21EB4E0049D69F /* Build configuration list for PBXNativeTarget "MyInventory" */;
			buildPhases = (
				982798012B21EB4C0049D69F /* Sources */,
				982798022B21EB4C0049D69F /* Frameworks */,
				982798032B21EB4C0049D69F /* Resources */,
			);
			buildRules = (
			);
			dependencies = (
			);
			name = MyInventory;
			packageProductDependencies = (
				980AABCD2B5001E7005526C5 /* Realm */,
				980AABCF2B5001E7005526C5 /* RealmSwift */,
			);
			productName = MyInventory;
			productReference = 982798052B21EB4C0049D69F /* MyInventory.app */;
			productType = "com.apple.product-type.application";
		};
/* End PBXNativeTarget section */

/* Begin PBXProject section */
		982797FD2B21EB4C0049D69F /* Project object */ = {
			isa = PBXProject;
			attributes = {
				BuildIndependentTargetsInParallel = 1;
				LastSwiftUpdateCheck = 1430;
				LastUpgradeCheck = 1430;
				TargetAttributes = {
					982798042B21EB4C0049D69F = {
						CreatedOnToolsVersion = 14.3.1;
					};
				};
			};
			buildConfigurationList = 982798002B21EB4C0049D69F /* Build configuration list for PBXProject "MyInventory" */;
			compatibilityVersion = "Xcode 14.0";
			developmentRegion = en;
			hasScannedForEncodings = 0;
			knownRegions = (
				en,
				Base,
			);
			mainGroup = 982797FC2B21EB4C0049D69F;
			packageReferences = (
				980AABCC2B5001E7005526C5 /* XCRemoteSwiftPackageReference "realm-swift" */,
			);
			productRefGroup = 982798062B21EB4C0049D69F /* Products */;
			projectDirPath = "";
			projectRoot = "";
			targets = (
				982798042B21EB4C0049D69F /* MyInventory */,
			);
		};
/* End PBXProject section */

/* Begin PBXResourcesBuildPhase section */
		982798032B21EB4C0049D69F /* Resources */ = {
			isa = PBXResourcesBuildPhase;
			buildActionMask = 2147483647;
			files = (
				982798152B21EB4E0049D69F /* LaunchScreen.storyboard in Resources */,
				982798122B21EB4E0049D69F /* Assets.xcassets in Resources */,
			);
			runOnlyForDeploymentPostprocessing = 0;
		};
/* End PBXResourcesBuildPhase section */

/* Begin PBXSourcesBuildPhase section */
		982798012B21EB4C0049D69F /* Sources */ = {
			isa = PBXSourcesBuildPhase;
			buildActionMask = 2147483647;
			files = (
				980AABD62B55A8B6005526C5 /* RealmMapper.swift in Sources */,
				982798222B21EDC90049D69F /* InventoryListViewController.swift in Sources */,
				980AABD82B593A0E005526C5 /* DatabaseManagerProtocol.swift in Sources */,
				987DFB7C2BA6048900F9DD9C /* UICollectionViewCell.swift in Sources */,
				982798312B279D120049D69F /* InventoryViewModel.swift in Sources */,
				9875BA0F2BA87E3300611D88 /* UITableViewCell.swift in Sources */,
				980AABC92B4B180F005526C5 /* CustomError.swift in Sources */,
				98486D9F2BA1A5D100B5DFBF /* TrashViewController.swift in Sources */,
				982798252B238C170049D69F /* CreateNewInventoryViewController.swift in Sources */,
				982798092B21EB4C0049D69F /* AppDelegate.swift in Sources */,
				986BB0FC2B2A0D0D007DAB02 /* SwiftDataMapper.swift in Sources */,
				9827981D2B21EBBE0049D69F /* InventoryModel.swift in Sources */,
				9827982A2B24F4020049D69F /* SwiftDataDatabaseManager.swift in Sources */,
				982798272B238CBB0049D69F /* InventoryDetailViewController.swift in Sources */,
				9827982E2B279BFF0049D69F /* InventoryModelSwiftData.swift in Sources */,
				987DFB7E2BA6058200F9DD9C /* SectionHeader.swift in Sources */,
				980AABD22B500220005526C5 /* RealmDatabaseManager.swift in Sources */,
				9827980B2B21EB4C0049D69F /* SceneDelegate.swift in Sources */,
				980AABD42B5005C5005526C5 /* InventoryModelRealm.swift in Sources */,
			);
			runOnlyForDeploymentPostprocessing = 0;
		};
/* End PBXSourcesBuildPhase section */

/* Begin PBXVariantGroup section */
		982798132B21EB4E0049D69F /* LaunchScreen.storyboard */ = {
			isa = PBXVariantGroup;
			children = (
				982798142B21EB4E0049D69F /* Base */,
			);
			name = LaunchScreen.storyboard;
			sourceTree = "<group>";
		};
/* End PBXVariantGroup section */

/* Begin XCBuildConfiguration section */
		982798172B21EB4E0049D69F /* Debug */ = {
			isa = XCBuildConfiguration;
			buildSettings = {
				ALWAYS_SEARCH_USER_PATHS = NO;
				CLANG_ANALYZER_NONNULL = YES;
				CLANG_ANALYZER_NUMBER_OBJECT_CONVERSION = YES_AGGRESSIVE;
				CLANG_CXX_LANGUAGE_STANDARD = "gnu++20";
				CLANG_ENABLE_MODULES = YES;
				CLANG_ENABLE_OBJC_ARC = YES;
				CLANG_ENABLE_OBJC_WEAK = YES;
				CLANG_WARN_BLOCK_CAPTURE_AUTORELEASING = YES;
				CLANG_WARN_BOOL_CONVERSION = YES;
				CLANG_WARN_COMMA = YES;
				CLANG_WARN_CONSTANT_CONVERSION = YES;
				CLANG_WARN_DEPRECATED_OBJC_IMPLEMENTATIONS = YES;
				CLANG_WARN_DIRECT_OBJC_ISA_USAGE = YES_ERROR;
				CLANG_WARN_DOCUMENTATION_COMMENTS = YES;
				CLANG_WARN_EMPTY_BODY = YES;
				CLANG_WARN_ENUM_CONVERSION = YES;
				CLANG_WARN_INFINITE_RECURSION = YES;
				CLANG_WARN_INT_CONVERSION = YES;
				CLANG_WARN_NON_LITERAL_NULL_CONVERSION = YES;
				CLANG_WARN_OBJC_IMPLICIT_RETAIN_SELF = YES;
				CLANG_WARN_OBJC_LITERAL_CONVERSION = YES;
				CLANG_WARN_OBJC_ROOT_CLASS = YES_ERROR;
				CLANG_WARN_QUOTED_INCLUDE_IN_FRAMEWORK_HEADER = YES;
				CLANG_WARN_RANGE_LOOP_ANALYSIS = YES;
				CLANG_WARN_STRICT_PROTOTYPES = YES;
				CLANG_WARN_SUSPICIOUS_MOVE = YES;
				CLANG_WARN_UNGUARDED_AVAILABILITY = YES_AGGRESSIVE;
				CLANG_WARN_UNREACHABLE_CODE = YES;
				CLANG_WARN__DUPLICATE_METHOD_MATCH = YES;
				COPY_PHASE_STRIP = NO;
				DEBUG_INFORMATION_FORMAT = dwarf;
				ENABLE_STRICT_OBJC_MSGSEND = YES;
				ENABLE_TESTABILITY = YES;
				GCC_C_LANGUAGE_STANDARD = gnu11;
				GCC_DYNAMIC_NO_PIC = NO;
				GCC_NO_COMMON_BLOCKS = YES;
				GCC_OPTIMIZATION_LEVEL = 0;
				GCC_PREPROCESSOR_DEFINITIONS = (
					"DEBUG=1",
					"$(inherited)",
				);
				GCC_WARN_64_TO_32_BIT_CONVERSION = YES;
				GCC_WARN_ABOUT_RETURN_TYPE = YES_ERROR;
				GCC_WARN_UNDECLARED_SELECTOR = YES;
				GCC_WARN_UNINITIALIZED_AUTOS = YES_AGGRESSIVE;
				GCC_WARN_UNUSED_FUNCTION = YES;
				GCC_WARN_UNUSED_VARIABLE = YES;
				IPHONEOS_DEPLOYMENT_TARGET = 16.4;
				MTL_ENABLE_DEBUG_INFO = INCLUDE_SOURCE;
				MTL_FAST_MATH = YES;
				ONLY_ACTIVE_ARCH = YES;
				SDKROOT = iphoneos;
				SWIFT_ACTIVE_COMPILATION_CONDITIONS = DEBUG;
				SWIFT_OPTIMIZATION_LEVEL = "-Onone";
			};
			name = Debug;
		};
		982798182B21EB4E0049D69F /* Release */ = {
			isa = XCBuildConfiguration;
			buildSettings = {
				ALWAYS_SEARCH_USER_PATHS = NO;
				CLANG_ANALYZER_NONNULL = YES;
				CLANG_ANALYZER_NUMBER_OBJECT_CONVERSION = YES_AGGRESSIVE;
				CLANG_CXX_LANGUAGE_STANDARD = "gnu++20";
				CLANG_ENABLE_MODULES = YES;
				CLANG_ENABLE_OBJC_ARC = YES;
				CLANG_ENABLE_OBJC_WEAK = YES;
				CLANG_WARN_BLOCK_CAPTURE_AUTORELEASING = YES;
				CLANG_WARN_BOOL_CONVERSION = YES;
				CLANG_WARN_COMMA = YES;
				CLANG_WARN_CONSTANT_CONVERSION = YES;
				CLANG_WARN_DEPRECATED_OBJC_IMPLEMENTATIONS = YES;
				CLANG_WARN_DIRECT_OBJC_ISA_USAGE = YES_ERROR;
				CLANG_WARN_DOCUMENTATION_COMMENTS = YES;
				CLANG_WARN_EMPTY_BODY = YES;
				CLANG_WARN_ENUM_CONVERSION = YES;
				CLANG_WARN_INFINITE_RECURSION = YES;
				CLANG_WARN_INT_CONVERSION = YES;
				CLANG_WARN_NON_LITERAL_NULL_CONVERSION = YES;
				CLANG_WARN_OBJC_IMPLICIT_RETAIN_SELF = YES;
				CLANG_WARN_OBJC_LITERAL_CONVERSION = YES;
				CLANG_WARN_OBJC_ROOT_CLASS = YES_ERROR;
				CLANG_WARN_QUOTED_INCLUDE_IN_FRAMEWORK_HEADER = YES;
				CLANG_WARN_RANGE_LOOP_ANALYSIS = YES;
				CLANG_WARN_STRICT_PROTOTYPES = YES;
				CLANG_WARN_SUSPICIOUS_MOVE = YES;
				CLANG_WARN_UNGUARDED_AVAILABILITY = YES_AGGRESSIVE;
				CLANG_WARN_UNREACHABLE_CODE = YES;
				CLANG_WARN__DUPLICATE_METHOD_MATCH = YES;
				COPY_PHASE_STRIP = NO;
				DEBUG_INFORMATION_FORMAT = "dwarf-with-dsym";
				ENABLE_NS_ASSERTIONS = NO;
				ENABLE_STRICT_OBJC_MSGSEND = YES;
				GCC_C_LANGUAGE_STANDARD = gnu11;
				GCC_NO_COMMON_BLOCKS = YES;
				GCC_WARN_64_TO_32_BIT_CONVERSION = YES;
				GCC_WARN_ABOUT_RETURN_TYPE = YES_ERROR;
				GCC_WARN_UNDECLARED_SELECTOR = YES;
				GCC_WARN_UNINITIALIZED_AUTOS = YES_AGGRESSIVE;
				GCC_WARN_UNUSED_FUNCTION = YES;
				GCC_WARN_UNUSED_VARIABLE = YES;
				IPHONEOS_DEPLOYMENT_TARGET = 16.4;
				MTL_ENABLE_DEBUG_INFO = NO;
				MTL_FAST_MATH = YES;
				SDKROOT = iphoneos;
				SWIFT_COMPILATION_MODE = wholemodule;
				SWIFT_OPTIMIZATION_LEVEL = "-O";
				VALIDATE_PRODUCT = YES;
			};
			name = Release;
		};
		9827981A2B21EB4E0049D69F /* Debug */ = {
			isa = XCBuildConfiguration;
			buildSettings = {
				ASSETCATALOG_COMPILER_APPICON_NAME = AppIcon;
				ASSETCATALOG_COMPILER_GLOBAL_ACCENT_COLOR_NAME = AccentColor;
				CODE_SIGN_STYLE = Automatic;
				CURRENT_PROJECT_VERSION = 1;
				DEVELOPMENT_TEAM = SH64RJU89Y;
				GENERATE_INFOPLIST_FILE = YES;
				INFOPLIST_FILE = MyInventory/Info.plist;
				INFOPLIST_KEY_UIApplicationSupportsIndirectInputEvents = YES;
				INFOPLIST_KEY_UILaunchStoryboardName = LaunchScreen;
				INFOPLIST_KEY_UISupportedInterfaceOrientations_iPad = "UIInterfaceOrientationPortrait UIInterfaceOrientationPortraitUpsideDown UIInterfaceOrientationLandscapeLeft UIInterfaceOrientationLandscapeRight";
				INFOPLIST_KEY_UISupportedInterfaceOrientations_iPhone = "UIInterfaceOrientationPortrait UIInterfaceOrientationLandscapeLeft UIInterfaceOrientationLandscapeRight";
				IPHONEOS_DEPLOYMENT_TARGET = 17.0;
				LD_RUNPATH_SEARCH_PATHS = (
					"$(inherited)",
					"@executable_path/Frameworks",
				);
				MARKETING_VERSION = 1.0;
				PRODUCT_BUNDLE_IDENTIFIER = com.jcarrasco.MyInventory;
				PRODUCT_NAME = "$(TARGET_NAME)";
				SWIFT_EMIT_LOC_STRINGS = YES;
				SWIFT_VERSION = 5.0;
				TARGETED_DEVICE_FAMILY = "1,2";
			};
			name = Debug;
		};
		9827981B2B21EB4E0049D69F /* Release */ = {
			isa = XCBuildConfiguration;
			buildSettings = {
				ASSETCATALOG_COMPILER_APPICON_NAME = AppIcon;
				ASSETCATALOG_COMPILER_GLOBAL_ACCENT_COLOR_NAME = AccentColor;
				CODE_SIGN_STYLE = Automatic;
				CURRENT_PROJECT_VERSION = 1;
				DEVELOPMENT_TEAM = SH64RJU89Y;
				GENERATE_INFOPLIST_FILE = YES;
				INFOPLIST_FILE = MyInventory/Info.plist;
				INFOPLIST_KEY_UIApplicationSupportsIndirectInputEvents = YES;
				INFOPLIST_KEY_UILaunchStoryboardName = LaunchScreen;
				INFOPLIST_KEY_UISupportedInterfaceOrientations_iPad = "UIInterfaceOrientationPortrait UIInterfaceOrientationPortraitUpsideDown UIInterfaceOrientationLandscapeLeft UIInterfaceOrientationLandscapeRight";
				INFOPLIST_KEY_UISupportedInterfaceOrientations_iPhone = "UIInterfaceOrientationPortrait UIInterfaceOrientationLandscapeLeft UIInterfaceOrientationLandscapeRight";
				IPHONEOS_DEPLOYMENT_TARGET = 17.0;
				LD_RUNPATH_SEARCH_PATHS = (
					"$(inherited)",
					"@executable_path/Frameworks",
				);
				MARKETING_VERSION = 1.0;
				PRODUCT_BUNDLE_IDENTIFIER = com.jcarrasco.MyInventory;
				PRODUCT_NAME = "$(TARGET_NAME)";
				SWIFT_EMIT_LOC_STRINGS = YES;
				SWIFT_VERSION = 5.0;
				TARGETED_DEVICE_FAMILY = "1,2";
			};
			name = Release;
		};
/* End XCBuildConfiguration section */

/* Begin XCConfigurationList section */
		982798002B21EB4C0049D69F /* Build configuration list for PBXProject "MyInventory" */ = {
			isa = XCConfigurationList;
			buildConfigurations = (
				982798172B21EB4E0049D69F /* Debug */,
				982798182B21EB4E0049D69F /* Release */,
			);
			defaultConfigurationIsVisible = 0;
			defaultConfigurationName = Release;
		};
		982798192B21EB4E0049D69F /* Build configuration list for PBXNativeTarget "MyInventory" */ = {
			isa = XCConfigurationList;
			buildConfigurations = (
				9827981A2B21EB4E0049D69F /* Debug */,
				9827981B2B21EB4E0049D69F /* Release */,
			);
			defaultConfigurationIsVisible = 0;
			defaultConfigurationName = Release;
		};
/* End XCConfigurationList section */

/* Begin XCRemoteSwiftPackageReference section */
		980AABCC2B5001E7005526C5 /* XCRemoteSwiftPackageReference "realm-swift" */ = {
			isa = XCRemoteSwiftPackageReference;
			repositoryURL = "https://github.com/realm/realm-swift.git";
			requirement = {
				branch = master;
				kind = branch;
			};
		};
/* End XCRemoteSwiftPackageReference section */

/* Begin XCSwiftPackageProductDependency section */
		980AABCD2B5001E7005526C5 /* Realm */ = {
			isa = XCSwiftPackageProductDependency;
			package = 980AABCC2B5001E7005526C5 /* XCRemoteSwiftPackageReference "realm-swift" */;
			productName = Realm;
		};
		980AABCF2B5001E7005526C5 /* RealmSwift */ = {
			isa = XCSwiftPackageProductDependency;
			package = 980AABCC2B5001E7005526C5 /* XCRemoteSwiftPackageReference "realm-swift" */;
			productName = RealmSwift;
		};
/* End XCSwiftPackageProductDependency section */
	};
	rootObject = 982797FD2B21EB4C0049D69F /* Project object */;
}
